
Microsoft Visual Studio Solution File, Format Version 12.00
# Visual Studio Version 17
VisualStudioVersion = 17.1.32414.318
MinimumVisualStudioVersion = 10.0.40219.1
Project("{FAE04EC0-301F-11D3-BF4B-00C04F79EFBC}") = "Techies", "Techies.csproj", "{F2FE0880-80CE-4BA8-8FFE-BFC6C57B09C8}"
EndProject
Global
	GlobalSection(SolutionConfigurationPlatforms) = preSolution
		Debug|Any CPU = Debug|Any CPU
		Release|Any CPU = Release|Any CPU
	EndGlobalSection
	GlobalSection(ProjectConfigurationPlatforms) = postSolution
		{F2FE0880-80CE-4BA8-8FFE-BFC6C57B09C8}.Debug|Any CPU.ActiveCfg = Debug|Any CPU
		{F2FE0880-80CE-4BA8-8FFE-BFC6C57B09C8}.Debug|Any CPU.Build.0 = Debug|Any CPU
		{F2FE0880-80CE-4BA8-8FFE-BFC6C57B09C8}.Release|Any CPU.ActiveCfg = Release|Any CPU
		{F2FE0880-80CE-4BA8-8FFE-BFC6C57B09C8}.Release|Any CPU.Build.0 = Release|Any CPU
	EndGlobalSection
	GlobalSection(SolutionProperties) = preSolution
		HideSolutionNode = FALSE
	EndGlobalSection
	GlobalSection(ExtensibilityGlobals) = postSolution
		SolutionGuid = {ABB98170-61B8-45C8-9C15-3C4097663DAC}
	EndGlobalSection
EndGlobal
